
Microsoft Visual Studio Solution File, Format Version 12.00
# Visual Studio Version 16
VisualStudioVersion = 16.0.30517.126
MinimumVisualStudioVersion = 10.0.40219.1
Project("{2150E333-8FDC-42A3-9474-1A3956D46DE8}") = "Queue", "Queue", "{B51A05BA-361E-4763-85D1-D39FAF68853C}"
EndProject
Project("{2150E333-8FDC-42A3-9474-1A3956D46DE8}") = "RabbitMQ", "RabbitMQ", "{16729450-CD9E-46D9-8CD8-24F33AF5BDAD}"
EndProject
Project("{9A19103F-16F7-4668-BE54-9A1E7A4F7556}") = "MG.Queue.RabbitMQ", "Queue\RabbitMQ\MG.Queue.RabbitMQ\MG.Queue.RabbitMQ.csproj", "{24BFD6C0-DE6C-42E1-8048-17F6A1B9D95C}"
EndProject
Project("{2150E333-8FDC-42A3-9474-1A3956D46DE8}") = "Shared", "Shared", "{1F11F8F0-1B63-4F45-B899-E464F12A1CE8}"
EndProject
Project("{9A19103F-16F7-4668-BE54-9A1E7A4F7556}") = "MG.Shared.Enums", "Shared\MG.Shared.Enums\MG.Shared.Enums.csproj", "{0FEA7D5C-6A12-479A-8B84-9A291D00C77D}"
EndProject
Project("{9A19103F-16F7-4668-BE54-9A1E7A4F7556}") = "MG.Shared.Configurations", "Shared\MG.Shared.Configurations\MG.Shared.Configurations.csproj", "{D753645F-28B9-4551-A996-E15347322445}"
EndProject
Project("{2150E333-8FDC-42A3-9474-1A3956D46DE8}") = "Test", "Test", "{1008D994-0251-48F1-BC23-01FC9B0AFE53}"
EndProject
Project("{9A19103F-16F7-4668-BE54-9A1E7A4F7556}") = "MG.Test.RabbitMQTest", "Test\MG.Test.RabbitMQTest\MG.Test.RabbitMQTest.csproj", "{ED794B48-839C-4E45-8847-9AA0F0D0EF26}"
EndProject
Project("{2150E333-8FDC-42A3-9474-1A3956D46DE8}") = "DAL", "DAL", "{15D51052-8479-4EE6-ABF6-6659BDB2B0EA}"
EndProject
Project("{9A19103F-16F7-4668-BE54-9A1E7A4F7556}") = "MG.DAL.EntityFrameworkCore", "DAL\MG.DAL.EntityFrameworkCore\MG.DAL.EntityFrameworkCore.csproj", "{6C4BF5B1-E04B-407E-AD9C-CD81F48CC7FE}"
EndProject
Project("{2150E333-8FDC-42A3-9474-1A3956D46DE8}") = "Models", "Models", "{2E141D54-C234-4785-8237-881ACDC68311}"
EndProject
Project("{9A19103F-16F7-4668-BE54-9A1E7A4F7556}") = "MG.Models.DataModels", "Models\MG.Models.DataModels\MG.Models.DataModels.csproj", "{073204CB-C94E-4A29-936E-FB61A668165C}"
EndProject
Project("{9A19103F-16F7-4668-BE54-9A1E7A4F7556}") = "MG.DAL.Repositories", "DAL\MG.DAL.Repositories\MG.DAL.Repositories.csproj", "{64D651C0-D2B3-4323-A73C-B40B400C5C71}"
EndProject
Project("{9A19103F-16F7-4668-BE54-9A1E7A4F7556}") = "MG.Test.EFCoreTest", "Test\MG.Test.EFCoreTest\MG.Test.EFCoreTest.csproj", "{3F1BBF3A-04FE-4018-8F06-058E2122E72D}"
EndProject
Project("{2150E333-8FDC-42A3-9474-1A3956D46DE8}") = "Services", "Services", "{A17EDC95-5D91-4351-836F-8A508AA96388}"
EndProject
Project("{9A19103F-16F7-4668-BE54-9A1E7A4F7556}") = "MG.Services.HttpServices", "Services\MG.Services.HttpServices\MG.Services.HttpServices.csproj", "{9A7DCB16-D54B-4E11-AC27-6D780C2CC7A2}"
EndProject
Project("{2150E333-8FDC-42A3-9474-1A3956D46DE8}") = "Applications", "Applications", "{1E0475D4-71EC-4C22-BA01-448CE14F4AC9}"
EndProject
Project("{9A19103F-16F7-4668-BE54-9A1E7A4F7556}") = "MG.Applications.MGWebAPI", "Applications\MG.Applications.MGWebAPI\MG.Applications.MGWebAPI.csproj", "{1D1B1556-9937-4685-9225-AB2B8FE5AF2B}"
EndProject
Project("{9A19103F-16F7-4668-BE54-9A1E7A4F7556}") = "MG.Shared.WebAPIResponseWrapper", "Shared\MG.Shared.WebAPIResponseWrapper\MG.Shared.WebAPIResponseWrapper.csproj", "{6DA2997A-42DF-48B1-99E7-2084C7E62FB8}"
EndProject
Project("{9A19103F-16F7-4668-BE54-9A1E7A4F7556}") = "MG.Shared.ExtensionMethods", "Shared\MG.Shared.ExtensionMethods\MG.Shared.ExtensionMethods.csproj", "{3ED94CE1-BA84-4DD1-8104-FBF1CB7C2474}"
EndProject
Project("{2150E333-8FDC-42A3-9474-1A3956D46DE8}") = "Logging", "Logging", "{8EF0324D-A259-4538-B614-360047321A38}"
EndProject
Project("{9A19103F-16F7-4668-BE54-9A1E7A4F7556}") = "MG.Logging", "Logging\MG.Logging\MG.Logging.csproj", "{118C8ED3-B638-42EB-8D03-24F56F2FAB91}"
EndProject
Project("{9A19103F-16F7-4668-BE54-9A1E7A4F7556}") = "MG.Applications.WorkerService", "Applications\MG.Applications.WorkerService\MG.Applications.WorkerService.csproj", "{D57AC1C7-E755-4633-96F9-C806A2714F2F}"
EndProject
Project("{2150E333-8FDC-42A3-9474-1A3956D46DE8}") = "Kafka", "Kafka", "{13CE0FE3-E3D2-40D6-BA4E-F083A4B18277}"
EndProject
Project("{9A19103F-16F7-4668-BE54-9A1E7A4F7556}") = "MG.Queue.Kafka", "Queue\Kafka\MG.Queue.Kafka\MG.Queue.Kafka.csproj", "{F651B859-8A61-4617-BA0E-F144E55AAAE0}"
EndProject
Project("{9A19103F-16F7-4668-BE54-9A1E7A4F7556}") = "MG.DAL.Cassandra", "DAL\MG.DAL.Cassandra\MG.DAL.Cassandra.csproj", "{789D6C63-CA6E-40FA-A2AF-AB9476E1424A}"
EndProject
Project("{9A19103F-16F7-4668-BE54-9A1E7A4F7556}") = "MG.Models.CassandraModels", "Models\MG.Models.CassandraModels\MG.Models.CassandraModels.csproj", "{2754BB42-4395-4213-AABF-4B8686E7E47C}"
EndProject
Project("{9A19103F-16F7-4668-BE54-9A1E7A4F7556}") = "MG.DAL.Mongo", "DAL\MG.DAL.Mongo\MG.DAL.Mongo.csproj", "{0DC8B098-D286-4176-A4F9-F3B3DCEA115A}"
EndProject
Project("{9A19103F-16F7-4668-BE54-9A1E7A4F7556}") = "MG.Models.MongoModels", "Models\MG.Models.MongoModels\MG.Models.MongoModels.csproj", "{C1F947CA-9D02-473E-894C-4B0A8DFB86F8}"
EndProject
Project("{9A19103F-16F7-4668-BE54-9A1E7A4F7556}") = "MG.Services.FileService", "Services\MG.Services.FileService\MG.Services.FileService.csproj", "{1B319B3E-8598-4E2B-8F39-473B4094CE22}"
EndProject
Project("{2150E333-8FDC-42A3-9474-1A3956D46DE8}") = "DesignPatterns", "DesignPatterns", "{12975572-2E40-4A1D-A597-89CAE80B1185}"
EndProject
Project("{2150E333-8FDC-42A3-9474-1A3956D46DE8}") = "CreationalPatterns", "CreationalPatterns", "{5072F3E5-2F17-42DC-A6D4-FCB01D037A24}"
EndProject
Project("{9A19103F-16F7-4668-BE54-9A1E7A4F7556}") = "MG.DesignPatterns.AbstractFactory", "DesignPatterns\CreationalPatterns\MG.DesignPatterns.AbstractFactory\MG.DesignPatterns.AbstractFactory.csproj", "{BBC1EC2A-BB4A-4DEC-9C51-1DE3297649F7}"
EndProject
Project("{2150E333-8FDC-42A3-9474-1A3956D46DE8}") = "DesignPatternTest", "DesignPatternTest", "{16ED0EC2-4914-4C10-B0FD-AC726AC768D5}"
EndProject
Project("{9A19103F-16F7-4668-BE54-9A1E7A4F7556}") = "MG.Test.AbstractFactoryTest", "Test\DesignPatternTest\MG.Test.AbstractFactoryTest\MG.Test.AbstractFactoryTest.csproj", "{A1662FDA-0BFF-44FA-B61C-0CF8A07D4A32}"
EndProject
Project("{9A19103F-16F7-4668-BE54-9A1E7A4F7556}") = "MG.DesignPatterns.Builder", "DesignPatterns\MG.DesignPatterns.Builder\MG.DesignPatterns.Builder.csproj", "{6DD0251A-354D-43D8-B855-1FBF00E35A70}"
EndProject
Project("{9A19103F-16F7-4668-BE54-9A1E7A4F7556}") = "MG.Test.BuilderTest", "Test\DesignPatternTest\MG.Test.BuilderTest\MG.Test.BuilderTest.csproj", "{62D2B197-C93D-460C-89D0-F5BB10074217}"
EndProject
Project("{2150E333-8FDC-42A3-9474-1A3956D46DE8}") = "Settings", "Settings", "{2DF1F3C5-DAEB-4268-BBBE-F94CEFB4298C}"
EndProject
Project("{FAE04EC0-301F-11D3-BF4B-00C04F79EFBC}") = "MG.Settings.Configuration", "Settings\MG.Settings.Configuration\MG.Settings.Configuration.csproj", "{2C4682CF-B3F2-4B6D-9D53-94332C00C578}"
EndProject
Global
	GlobalSection(SolutionConfigurationPlatforms) = preSolution
		Debug|Any CPU = Debug|Any CPU
		Release|Any CPU = Release|Any CPU
	EndGlobalSection
	GlobalSection(ProjectConfigurationPlatforms) = postSolution
		{24BFD6C0-DE6C-42E1-8048-17F6A1B9D95C}.Debug|Any CPU.ActiveCfg = Debug|Any CPU
		{24BFD6C0-DE6C-42E1-8048-17F6A1B9D95C}.Debug|Any CPU.Build.0 = Debug|Any CPU
		{24BFD6C0-DE6C-42E1-8048-17F6A1B9D95C}.Release|Any CPU.ActiveCfg = Release|Any CPU
		{24BFD6C0-DE6C-42E1-8048-17F6A1B9D95C}.Release|Any CPU.Build.0 = Release|Any CPU
		{0FEA7D5C-6A12-479A-8B84-9A291D00C77D}.Debug|Any CPU.ActiveCfg = Debug|Any CPU
		{0FEA7D5C-6A12-479A-8B84-9A291D00C77D}.Debug|Any CPU.Build.0 = Debug|Any CPU
		{0FEA7D5C-6A12-479A-8B84-9A291D00C77D}.Release|Any CPU.ActiveCfg = Release|Any CPU
		{0FEA7D5C-6A12-479A-8B84-9A291D00C77D}.Release|Any CPU.Build.0 = Release|Any CPU
		{D753645F-28B9-4551-A996-E15347322445}.Debug|Any CPU.ActiveCfg = Debug|Any CPU
		{D753645F-28B9-4551-A996-E15347322445}.Debug|Any CPU.Build.0 = Debug|Any CPU
		{D753645F-28B9-4551-A996-E15347322445}.Release|Any CPU.ActiveCfg = Release|Any CPU
		{D753645F-28B9-4551-A996-E15347322445}.Release|Any CPU.Build.0 = Release|Any CPU
		{ED794B48-839C-4E45-8847-9AA0F0D0EF26}.Debug|Any CPU.ActiveCfg = Debug|Any CPU
		{ED794B48-839C-4E45-8847-9AA0F0D0EF26}.Debug|Any CPU.Build.0 = Debug|Any CPU
		{ED794B48-839C-4E45-8847-9AA0F0D0EF26}.Release|Any CPU.ActiveCfg = Release|Any CPU
		{ED794B48-839C-4E45-8847-9AA0F0D0EF26}.Release|Any CPU.Build.0 = Release|Any CPU
		{6C4BF5B1-E04B-407E-AD9C-CD81F48CC7FE}.Debug|Any CPU.ActiveCfg = Debug|Any CPU
		{6C4BF5B1-E04B-407E-AD9C-CD81F48CC7FE}.Debug|Any CPU.Build.0 = Debug|Any CPU
		{6C4BF5B1-E04B-407E-AD9C-CD81F48CC7FE}.Release|Any CPU.ActiveCfg = Release|Any CPU
		{6C4BF5B1-E04B-407E-AD9C-CD81F48CC7FE}.Release|Any CPU.Build.0 = Release|Any CPU
		{073204CB-C94E-4A29-936E-FB61A668165C}.Debug|Any CPU.ActiveCfg = Debug|Any CPU
		{073204CB-C94E-4A29-936E-FB61A668165C}.Debug|Any CPU.Build.0 = Debug|Any CPU
		{073204CB-C94E-4A29-936E-FB61A668165C}.Release|Any CPU.ActiveCfg = Release|Any CPU
		{073204CB-C94E-4A29-936E-FB61A668165C}.Release|Any CPU.Build.0 = Release|Any CPU
		{64D651C0-D2B3-4323-A73C-B40B400C5C71}.Debug|Any CPU.ActiveCfg = Debug|Any CPU
		{64D651C0-D2B3-4323-A73C-B40B400C5C71}.Debug|Any CPU.Build.0 = Debug|Any CPU
		{64D651C0-D2B3-4323-A73C-B40B400C5C71}.Release|Any CPU.ActiveCfg = Release|Any CPU
		{64D651C0-D2B3-4323-A73C-B40B400C5C71}.Release|Any CPU.Build.0 = Release|Any CPU
		{3F1BBF3A-04FE-4018-8F06-058E2122E72D}.Debug|Any CPU.ActiveCfg = Debug|Any CPU
		{3F1BBF3A-04FE-4018-8F06-058E2122E72D}.Debug|Any CPU.Build.0 = Debug|Any CPU
		{3F1BBF3A-04FE-4018-8F06-058E2122E72D}.Release|Any CPU.ActiveCfg = Release|Any CPU
		{3F1BBF3A-04FE-4018-8F06-058E2122E72D}.Release|Any CPU.Build.0 = Release|Any CPU
		{9A7DCB16-D54B-4E11-AC27-6D780C2CC7A2}.Debug|Any CPU.ActiveCfg = Debug|Any CPU
		{9A7DCB16-D54B-4E11-AC27-6D780C2CC7A2}.Debug|Any CPU.Build.0 = Debug|Any CPU
		{9A7DCB16-D54B-4E11-AC27-6D780C2CC7A2}.Release|Any CPU.ActiveCfg = Release|Any CPU
		{9A7DCB16-D54B-4E11-AC27-6D780C2CC7A2}.Release|Any CPU.Build.0 = Release|Any CPU
		{1D1B1556-9937-4685-9225-AB2B8FE5AF2B}.Debug|Any CPU.ActiveCfg = Debug|Any CPU
		{1D1B1556-9937-4685-9225-AB2B8FE5AF2B}.Debug|Any CPU.Build.0 = Debug|Any CPU
		{1D1B1556-9937-4685-9225-AB2B8FE5AF2B}.Release|Any CPU.ActiveCfg = Release|Any CPU
		{1D1B1556-9937-4685-9225-AB2B8FE5AF2B}.Release|Any CPU.Build.0 = Release|Any CPU
		{6DA2997A-42DF-48B1-99E7-2084C7E62FB8}.Debug|Any CPU.ActiveCfg = Debug|Any CPU
		{6DA2997A-42DF-48B1-99E7-2084C7E62FB8}.Debug|Any CPU.Build.0 = Debug|Any CPU
		{6DA2997A-42DF-48B1-99E7-2084C7E62FB8}.Release|Any CPU.ActiveCfg = Release|Any CPU
		{6DA2997A-42DF-48B1-99E7-2084C7E62FB8}.Release|Any CPU.Build.0 = Release|Any CPU
		{3ED94CE1-BA84-4DD1-8104-FBF1CB7C2474}.Debug|Any CPU.ActiveCfg = Debug|Any CPU
		{3ED94CE1-BA84-4DD1-8104-FBF1CB7C2474}.Debug|Any CPU.Build.0 = Debug|Any CPU
		{3ED94CE1-BA84-4DD1-8104-FBF1CB7C2474}.Release|Any CPU.ActiveCfg = Release|Any CPU
		{3ED94CE1-BA84-4DD1-8104-FBF1CB7C2474}.Release|Any CPU.Build.0 = Release|Any CPU
		{118C8ED3-B638-42EB-8D03-24F56F2FAB91}.Debug|Any CPU.ActiveCfg = Debug|Any CPU
		{118C8ED3-B638-42EB-8D03-24F56F2FAB91}.Debug|Any CPU.Build.0 = Debug|Any CPU
		{118C8ED3-B638-42EB-8D03-24F56F2FAB91}.Release|Any CPU.ActiveCfg = Release|Any CPU
		{118C8ED3-B638-42EB-8D03-24F56F2FAB91}.Release|Any CPU.Build.0 = Release|Any CPU
		{D57AC1C7-E755-4633-96F9-C806A2714F2F}.Debug|Any CPU.ActiveCfg = Debug|Any CPU
		{D57AC1C7-E755-4633-96F9-C806A2714F2F}.Debug|Any CPU.Build.0 = Debug|Any CPU
		{D57AC1C7-E755-4633-96F9-C806A2714F2F}.Release|Any CPU.ActiveCfg = Release|Any CPU
		{D57AC1C7-E755-4633-96F9-C806A2714F2F}.Release|Any CPU.Build.0 = Release|Any CPU
		{F651B859-8A61-4617-BA0E-F144E55AAAE0}.Debug|Any CPU.ActiveCfg = Debug|Any CPU
		{F651B859-8A61-4617-BA0E-F144E55AAAE0}.Debug|Any CPU.Build.0 = Debug|Any CPU
		{F651B859-8A61-4617-BA0E-F144E55AAAE0}.Release|Any CPU.ActiveCfg = Release|Any CPU
		{F651B859-8A61-4617-BA0E-F144E55AAAE0}.Release|Any CPU.Build.0 = Release|Any CPU
		{789D6C63-CA6E-40FA-A2AF-AB9476E1424A}.Debug|Any CPU.ActiveCfg = Debug|Any CPU
		{789D6C63-CA6E-40FA-A2AF-AB9476E1424A}.Debug|Any CPU.Build.0 = Debug|Any CPU
		{789D6C63-CA6E-40FA-A2AF-AB9476E1424A}.Release|Any CPU.ActiveCfg = Release|Any CPU
		{789D6C63-CA6E-40FA-A2AF-AB9476E1424A}.Release|Any CPU.Build.0 = Release|Any CPU
		{2754BB42-4395-4213-AABF-4B8686E7E47C}.Debug|Any CPU.ActiveCfg = Debug|Any CPU
		{2754BB42-4395-4213-AABF-4B8686E7E47C}.Debug|Any CPU.Build.0 = Debug|Any CPU
		{2754BB42-4395-4213-AABF-4B8686E7E47C}.Release|Any CPU.ActiveCfg = Release|Any CPU
		{2754BB42-4395-4213-AABF-4B8686E7E47C}.Release|Any CPU.Build.0 = Release|Any CPU
		{0DC8B098-D286-4176-A4F9-F3B3DCEA115A}.Debug|Any CPU.ActiveCfg = Debug|Any CPU
		{0DC8B098-D286-4176-A4F9-F3B3DCEA115A}.Debug|Any CPU.Build.0 = Debug|Any CPU
		{0DC8B098-D286-4176-A4F9-F3B3DCEA115A}.Release|Any CPU.ActiveCfg = Release|Any CPU
		{0DC8B098-D286-4176-A4F9-F3B3DCEA115A}.Release|Any CPU.Build.0 = Release|Any CPU
		{C1F947CA-9D02-473E-894C-4B0A8DFB86F8}.Debug|Any CPU.ActiveCfg = Debug|Any CPU
		{C1F947CA-9D02-473E-894C-4B0A8DFB86F8}.Debug|Any CPU.Build.0 = Debug|Any CPU
		{C1F947CA-9D02-473E-894C-4B0A8DFB86F8}.Release|Any CPU.ActiveCfg = Release|Any CPU
		{C1F947CA-9D02-473E-894C-4B0A8DFB86F8}.Release|Any CPU.Build.0 = Release|Any CPU
		{1B319B3E-8598-4E2B-8F39-473B4094CE22}.Debug|Any CPU.ActiveCfg = Debug|Any CPU
		{1B319B3E-8598-4E2B-8F39-473B4094CE22}.Debug|Any CPU.Build.0 = Debug|Any CPU
		{1B319B3E-8598-4E2B-8F39-473B4094CE22}.Release|Any CPU.ActiveCfg = Release|Any CPU
		{1B319B3E-8598-4E2B-8F39-473B4094CE22}.Release|Any CPU.Build.0 = Release|Any CPU
		{BBC1EC2A-BB4A-4DEC-9C51-1DE3297649F7}.Debug|Any CPU.ActiveCfg = Debug|Any CPU
		{BBC1EC2A-BB4A-4DEC-9C51-1DE3297649F7}.Debug|Any CPU.Build.0 = Debug|Any CPU
		{BBC1EC2A-BB4A-4DEC-9C51-1DE3297649F7}.Release|Any CPU.ActiveCfg = Release|Any CPU
		{BBC1EC2A-BB4A-4DEC-9C51-1DE3297649F7}.Release|Any CPU.Build.0 = Release|Any CPU
		{A1662FDA-0BFF-44FA-B61C-0CF8A07D4A32}.Debug|Any CPU.ActiveCfg = Debug|Any CPU
		{A1662FDA-0BFF-44FA-B61C-0CF8A07D4A32}.Debug|Any CPU.Build.0 = Debug|Any CPU
		{A1662FDA-0BFF-44FA-B61C-0CF8A07D4A32}.Release|Any CPU.ActiveCfg = Release|Any CPU
		{A1662FDA-0BFF-44FA-B61C-0CF8A07D4A32}.Release|Any CPU.Build.0 = Release|Any CPU
		{6DD0251A-354D-43D8-B855-1FBF00E35A70}.Debug|Any CPU.ActiveCfg = Debug|Any CPU
		{6DD0251A-354D-43D8-B855-1FBF00E35A70}.Debug|Any CPU.Build.0 = Debug|Any CPU
		{6DD0251A-354D-43D8-B855-1FBF00E35A70}.Release|Any CPU.ActiveCfg = Release|Any CPU
		{6DD0251A-354D-43D8-B855-1FBF00E35A70}.Release|Any CPU.Build.0 = Release|Any CPU
		{62D2B197-C93D-460C-89D0-F5BB10074217}.Debug|Any CPU.ActiveCfg = Debug|Any CPU
		{62D2B197-C93D-460C-89D0-F5BB10074217}.Debug|Any CPU.Build.0 = Debug|Any CPU
		{62D2B197-C93D-460C-89D0-F5BB10074217}.Release|Any CPU.ActiveCfg = Release|Any CPU
		{62D2B197-C93D-460C-89D0-F5BB10074217}.Release|Any CPU.Build.0 = Release|Any CPU
		{2C4682CF-B3F2-4B6D-9D53-94332C00C578}.Debug|Any CPU.ActiveCfg = Debug|Any CPU
		{2C4682CF-B3F2-4B6D-9D53-94332C00C578}.Debug|Any CPU.Build.0 = Debug|Any CPU
		{2C4682CF-B3F2-4B6D-9D53-94332C00C578}.Release|Any CPU.ActiveCfg = Release|Any CPU
		{2C4682CF-B3F2-4B6D-9D53-94332C00C578}.Release|Any CPU.Build.0 = Release|Any CPU
	EndGlobalSection
	GlobalSection(SolutionProperties) = preSolution
		HideSolutionNode = FALSE
	EndGlobalSection
	GlobalSection(NestedProjects) = preSolution
		{16729450-CD9E-46D9-8CD8-24F33AF5BDAD} = {B51A05BA-361E-4763-85D1-D39FAF68853C}
		{24BFD6C0-DE6C-42E1-8048-17F6A1B9D95C} = {16729450-CD9E-46D9-8CD8-24F33AF5BDAD}
		{0FEA7D5C-6A12-479A-8B84-9A291D00C77D} = {1F11F8F0-1B63-4F45-B899-E464F12A1CE8}
		{D753645F-28B9-4551-A996-E15347322445} = {1F11F8F0-1B63-4F45-B899-E464F12A1CE8}
		{ED794B48-839C-4E45-8847-9AA0F0D0EF26} = {1008D994-0251-48F1-BC23-01FC9B0AFE53}
		{6C4BF5B1-E04B-407E-AD9C-CD81F48CC7FE} = {15D51052-8479-4EE6-ABF6-6659BDB2B0EA}
		{073204CB-C94E-4A29-936E-FB61A668165C} = {2E141D54-C234-4785-8237-881ACDC68311}
		{64D651C0-D2B3-4323-A73C-B40B400C5C71} = {15D51052-8479-4EE6-ABF6-6659BDB2B0EA}
		{3F1BBF3A-04FE-4018-8F06-058E2122E72D} = {1008D994-0251-48F1-BC23-01FC9B0AFE53}
		{9A7DCB16-D54B-4E11-AC27-6D780C2CC7A2} = {A17EDC95-5D91-4351-836F-8A508AA96388}
		{1D1B1556-9937-4685-9225-AB2B8FE5AF2B} = {1E0475D4-71EC-4C22-BA01-448CE14F4AC9}
		{6DA2997A-42DF-48B1-99E7-2084C7E62FB8} = {1F11F8F0-1B63-4F45-B899-E464F12A1CE8}
		{3ED94CE1-BA84-4DD1-8104-FBF1CB7C2474} = {1F11F8F0-1B63-4F45-B899-E464F12A1CE8}
		{118C8ED3-B638-42EB-8D03-24F56F2FAB91} = {8EF0324D-A259-4538-B614-360047321A38}
		{D57AC1C7-E755-4633-96F9-C806A2714F2F} = {1E0475D4-71EC-4C22-BA01-448CE14F4AC9}
		{13CE0FE3-E3D2-40D6-BA4E-F083A4B18277} = {B51A05BA-361E-4763-85D1-D39FAF68853C}
		{F651B859-8A61-4617-BA0E-F144E55AAAE0} = {13CE0FE3-E3D2-40D6-BA4E-F083A4B18277}
		{789D6C63-CA6E-40FA-A2AF-AB9476E1424A} = {15D51052-8479-4EE6-ABF6-6659BDB2B0EA}
		{2754BB42-4395-4213-AABF-4B8686E7E47C} = {2E141D54-C234-4785-8237-881ACDC68311}
		{0DC8B098-D286-4176-A4F9-F3B3DCEA115A} = {15D51052-8479-4EE6-ABF6-6659BDB2B0EA}
		{C1F947CA-9D02-473E-894C-4B0A8DFB86F8} = {2E141D54-C234-4785-8237-881ACDC68311}
		{1B319B3E-8598-4E2B-8F39-473B4094CE22} = {A17EDC95-5D91-4351-836F-8A508AA96388}
		{5072F3E5-2F17-42DC-A6D4-FCB01D037A24} = {12975572-2E40-4A1D-A597-89CAE80B1185}
		{BBC1EC2A-BB4A-4DEC-9C51-1DE3297649F7} = {5072F3E5-2F17-42DC-A6D4-FCB01D037A24}
		{16ED0EC2-4914-4C10-B0FD-AC726AC768D5} = {1008D994-0251-48F1-BC23-01FC9B0AFE53}
		{A1662FDA-0BFF-44FA-B61C-0CF8A07D4A32} = {16ED0EC2-4914-4C10-B0FD-AC726AC768D5}
		{6DD0251A-354D-43D8-B855-1FBF00E35A70} = {5072F3E5-2F17-42DC-A6D4-FCB01D037A24}
		{62D2B197-C93D-460C-89D0-F5BB10074217} = {16ED0EC2-4914-4C10-B0FD-AC726AC768D5}
		{2C4682CF-B3F2-4B6D-9D53-94332C00C578} = {2DF1F3C5-DAEB-4268-BBBE-F94CEFB4298C}
	EndGlobalSection
	GlobalSection(ExtensibilityGlobals) = postSolution
		SolutionGuid = {E93A7319-1259-4309-BFC1-CE664B609982}
	EndGlobalSection
EndGlobal
